
Microsoft Visual Studio Solution File, Format Version 12.00
# Visual Studio Version 16
VisualStudioVersion = 16.0.30503.244
MinimumVisualStudioVersion = 10.0.40219.1
Project("{FAE04EC0-301F-11D3-BF4B-00C04F79EFBC}") = "PracticaBlocs", "PracticaBlocs\PracticaBlocs.csproj", "{9F4F486C-A34D-40BB-894C-4E278941CA4D}"
EndProject
Global
	GlobalSection(SolutionConfigurationPlatforms) = preSolution
		Debug|Any CPU = Debug|Any CPU
		Release|Any CPU = Release|Any CPU
	EndGlobalSection
	GlobalSection(ProjectConfigurationPlatforms) = postSolution
		{9F4F486C-A34D-40BB-894C-4E278941CA4D}.Debug|Any CPU.ActiveCfg = Debug|Any CPU
		{9F4F486C-A34D-40BB-894C-4E278941CA4D}.Debug|Any CPU.Build.0 = Debug|Any CPU
		{9F4F486C-A34D-40BB-894C-4E278941CA4D}.Release|Any CPU.ActiveCfg = Release|Any CPU
		{9F4F486C-A34D-40BB-894C-4E278941CA4D}.Release|Any CPU.Build.0 = Release|Any CPU
	EndGlobalSection
	GlobalSection(SolutionProperties) = preSolution
		HideSolutionNode = FALSE
	EndGlobalSection
	GlobalSection(ExtensibilityGlobals) = postSolution
		SolutionGuid = {BADFFDC7-1F92-4564-BB0B-A4159A0CB434}
	EndGlobalSection
EndGlobal
